cloud.google.com/go v0.34.0/go.mod h1:aQUYkXzVsufM+DwF1aE+0xfcU+56JwCaLick0ClmMTw=
github.com/aws/aws-lambda-go v1.41.0 h1:l/5fyVb6Ud9uYd411xdHZzSf2n86TakxzpvIoz7l+3Y=
github.com/aws/aws-lambda-go v1.41.0/go.mod h1:jwFe2KmMsHmffA1X2R09hH6lFzJQxzI8qK17ewzbQMM=
github.com/aws/aws-sdk-go-v2 v1.20.1 h1:rZBf5DWr7YGrnlTK4kgDQGn1ltqOg5orCYb/UhOFZkg=
github.com/aws/aws-sdk-go-v2 v1.20.1/go.mod h1:NU06lETsFm8fUC6ZjhgDpVBcGZTFQ6XM+LZWZxMI4ac=
github.com/aws/aws-sdk-go-v2/aws/protocol/eventstream v1.4.12 h1:lN6L3LrYHeZ6xCxaIYtoWCx4GMLk4nRknsh29OMSqHY=
github.com/aws/aws-sdk-go-v2/aws/protocol/eventstream v1.4.12/go.mod h1:TDCkEAkMTXxTs0oLBGBKpBZbk3NLh8EvAfF0Q3x8/0c=
github.com/aws/aws-sdk-go-v2/config v1.18.33 h1:JKcw5SFxFW/rpM4mOPjv0VQ11E2kxW13F3exWOy7VZU=
github.com/aws/aws-sdk-go-v2/config v1.18.33/go.mod h1:hXO/l9pgY3K5oZJldamP0pbZHdPqqk+4/maa7DSD3cA=
github.com/aws/aws-sdk-go-v2/credentials v1.13.32 h1:lIH1eKPcCY1ylR4B6PkBGRWMHO3aVenOKJHWiS4/G2w=
github.com/aws/aws-sdk-go-v2/credentials v1.13.32/go.mod h1:lL8U3v/Y79YRG69WlAho0OHIKUXCyFvSXaIvfo81sls=
github.com/aws/aws-sdk-go-v2/feature/ec2/imds v1.13.8 h1:DK/9C+UN/X+1+Wm8pqaDksQr2tSLzq+8X1/rI/ZxKEQ=
github.com/aws/aws-sdk-go-v2/feature/ec2/imds v1.13.8/go.mod h1:ce7BgLQfYr5hQFdy67oX2svto3ufGtm6oBvmsHScI1Q=
github.com/aws/aws-sdk-go-v2/internal/configsources v1.1.38 h1:c8ed/T9T2K5I+h/JzmF5tpI46+OODQ74dzmdo+QnaMg=
github.com/aws/aws-sdk-go-v2/internal/configsources v1.1.38/go.mod h1:qggunOChCMu9ZF/UkAfhTz25+U2rLVb3ya0Ua6TTfCA=
github.com/aws/aws-sdk-go-v2/internal/endpoints/v2 v2.4.32 h1:hNeAAymUY5gu11WrrmFb3CVIp9Dar9hbo44yzzcQpzA=
github.com/aws/aws-sdk-go-v2/internal/endpoints/v2 v2.4.32/go.mod h1:0ZXSqrty4FtQ7p8TEuRde/SZm9X05KT18LAUlR40Ln0=
github.com/aws/aws-sdk-go-v2/internal/ini v1.3.39 h1:fc0ukRAiP1syoSGZYu+DaE+FulSYhTiJ8WpVu5jElU4=
github.com/aws/aws-sdk-go-v2/internal/ini v1.3.39/go.mod h1:WLAW8PT7+JhjZfLSWe7WEJaJu0GNo0cKc2Zyo003RBs=
github.com/aws/aws-sdk-go-v2/internal/v4a v1.1.1 h1:vUh7dBFNS3oFCtVv6CiYKh5hP9ls8+kIpKLeFruIBLk=
github.com/aws/aws-sdk-go-v2/internal/v4a v1.1.1/go.mod h1:sFMeinkhj/SZKQM8BxtvNtSPjJEo0Xrz+w3g2e4FSKI=
github.com/aws/aws-sdk-go-v2/service/cloudfront v1.28.2 h1:1w4jdi9qEq2kBT0C/QSM9mgwuD3TzdZlf6eUMUg5y2M=
github.com/aws/aws-sdk-go-v2/service/cloudfront v1.28.2/go.mod h1:WqjANAGqvVrjkLEZUZVSZ3fCNRxxUdyfQamimUulfhE=
github.com/aws/aws-sdk-go-v2/service/internal/accept-encoding v1.9.13 h1:iV/W5OMBys+66OeXJi/7xIRrKZNsu0ylsLGu+6nbmQE=
github.com/aws/aws-sdk-go-v2/service/internal/accept-encoding v1.9.13/go.mod h1:ReJb6xYmtGyu9KoFtRreWegbN9dZqvZIIv4vWnhcsyI=
github.com/aws/aws-sdk-go-v2/service/internal/checksum v1.1.33 h1:QviNkc+vGSuEHx8P+pVNKOdWLXBPIwMFv7p0fphgE4U=
github.com/aws/aws-sdk-go-v2/service/internal/checksum v1.1.33/go.mod h1:fABTUmOrAgAalG2i9WJpjBvlnk7UK8YmnYaxN+Q2CwE=
github.com/aws/aws-sdk-go-v2/service/internal/presigned-url v1.9.32 h1:dGAseBFEYxth10V23b5e2mAS+tX7oVbfYHD6dnDdAsg=
github.com/aws/aws-sdk-go-v2/service/internal/presigned-url v1.9.32/go.mod h1:4jwAWKEkCR0anWk5+1RbfSg1R5Gzld7NLiuaq5bTR/Y=
github.com/aws/aws-sdk-go-v2/service/internal/s3shared v1.15.1 h1:PT6PBCycRwhpEW5hJnRiceCeoWJ+r3bdgXtV+VKG7Pk=
github.com/aws/aws-sdk-go-v2/service/internal/s3shared v1.15.1/go.mod h1:TqoxCLwT2nrxrBGA+z7t6OWM7LBkgRckK3gOjYE+7JA=
github.com/aws/aws-sdk-go-v2/service/s3 v1.38.2 h1:v346f1h8sUBKXnEbrv43L37MTBlFHyKXQPIZHNAaghA=
github.com/aws/aws-sdk-go-v2/service/s3 v1.38.2/go.mod h1:cwCATiyNrXK9P2FsWdZ89g9mpsYv2rhk0UA/KByl5fY=
github.com/aws/aws-sdk-go-v2/service/ssm v1.37.2 h1:3N8Qb1MSuE81sxIE20tZM50/NPlGxchMzX0KP+EK9uw=
github.com/aws/aws-sdk-go-v2/service/ssm v1.37.2/go.mod h1:GoOpv/IVQZmT2LzYqKCjEFdmZFzdT4bfsao5+i6Neb8=
github.com/aws/aws-sdk-go-v2/service/sso v1.13.2 h1:A2RlEMo4SJSwbNoUUgkxTAEMduAy/8wG3eB2b2lP4gY=
github.com/aws/aws-sdk-go-v2/service/sso v1.13.2/go.mod h1:ju+nNXUunfIFamXUIZQiICjnO/TPlOmWcYhZcSy7xaE=
github.com/aws/aws-sdk-go-v2/service/ssooidc v1.15.2 h1:OJELEgyaT2kmaBGZ+myyZbTTLobfe3ox3FSh5eYK9Qs=
github.com/aws/aws-sdk-go-v2/service/ssooidc v1.15.2/go.mod h1:ubDBBaDFs1GHijSOTi8ljppML15GLG0HxhILtbjNNYQ=
github.com/aws/aws-sdk-go-v2/service/sts v1.21.2 h1:ympg1+Lnq33XLhcK/xTG4yZHPs1Oyxu+6DEWbl7qOzA=
github.com/aws/aws-sdk-go-v2/service/sts v1.21.2/go.mod h1:FQ/DQcOfESELfJi5ED+IPPAjI5xC6nxtSolVVB773jM=
github.com/aws/smithy-go v1.14.1 h1:EFKMUmH/iHMqLiwoEDx2rRjRQpI1YCn5jTysoaDujFs=
github.com/aws/smithy-go v1.14.1/go.mod h1:Tg+OJXh4MB2R/uN61Ko2f6hTZwB/ZYGOtib8J3gBHzA=
github.com/davecgh/go-spew v1.1.0/go.mod h1:J7Y8YcW2NihsgmVo/mv3lAwl/skON4iLHjSsI+c5H38=
github.com/davecgh/go-spew v1.1.1 h1:vj9j/u1bqnvCEfJOwUhtlOARqs3+rkHYY13jYWTU97c=
github.com/davecgh/go-spew v1.1.1/go.mod h1:J7Y8YcW2NihsgmVo/mv3lAwl/skON4iLHjSsI+c5H38=
github.com/golang/protobuf v1.2.0 h1:P3YflyNX/ehuJFLhxviNdFxQPkGK5cDcApsge1SqnvM=
github.com/golang/protobuf v1.2.0/go.mod h1:6lQm79b+lXiMfvg/cZm0SGofjICqVBUtrP5yJMmIC1U=
github.com/google/go-cmp v0.5.8 h1:e6P7q2lk1O+qJJb4BtCQXlK8vWEO8V1ZeuEdJNOqZyg=
github.com/google/go-cmp v0.5.8/go.mod h1:17dUlkBOakJ0+DkrSSNjCkIjxS6bF9zb3elmeNGIjoY=
github.com/google/go-querystring v1.0.0 h1:Xkwi/a1rcvNg1PPYe5vI8GbeBY/jrVuDX5ASuANWTrk=
github.com/google/go-querystring v1.0.0/go.mod h1:odCYkC5MyYFN7vkCjXpyrEuKhc/BUO6wN/zVPAxq5ck=
github.com/gorilla/feeds v1.1.2 h1:pxzZ5PD3RJdhFH2FsJJ4x6PqMqbgFk1+Vez4XWBW8Iw=
github.com/gorilla/feeds v1.1.2/go.mod h1:WMib8uJP3BbY+X8Szd1rA5Pzhdfh+HCCAYT2z7Fza6Y=
github.com/jmespath/go-jmespath v0.4.0 h1:BEgLn5cpjn8UN1mAw4NjwDrS35OdebyEtFe+9YPoQUg=
github.com/jmespath/go-jmespath v0.4.0/go.mod h1:T8mJZnbsbmF+m6zOOFylbeCJqk5+pHWvzYPziyZiYoo=
github.com/jmespath/go-jmespath/internal/testify v1.5.1 h1:shLQSRRSCCPj3f2gpwzGwWFoC7ycTf1rcQZHOlsJ6N8=
github.com/jmespath/go-jmespath/internal/testify v1.5.1/go.mod h1:L3OGu8Wl2/fWfCI6z80xFu9LTZmf1ZRjMHUOPmWr69U=
github.com/kr/pretty v0.3.1 h1:flRD4NNwYAUpkphVc1HcthR4KEIFJ65n8Mw5qdRn3LE=
github.com/kr/pretty v0.3.1/go.mod h1:hoEshYVHaxMs3cyo3Yncou5ZscifuDolrwPKZanG3xk=
github.com/kr/text v0.2.0 h1:5Nx0Ya0ZqY2ygV366QzturHI13Jq95ApcVaJBhpS+AY=
github.com/kr/text v0.2.0/go.mod h1:eLer722TekiGuMkidMxC/pM04lWEeraHUUmBw8l2grE=
github.com/pmezard/go-difflib v1.0.0 h1:4DBwDE0NGyQoBHbLQYPwSUPoCMWR5BEzIk/f1lZbAQM=
github.com/pmezard/go-difflib v1.0.0/go.mod h1:iKH77koFhYxTK1pcRnkKkqfTogsbg7gZNVY4sRDYZ/4=
github.com/rogpeppe/go-internal v1.9.0 h1:73kH8U+JUqXU8lRuOHeVHaa/SZPifC7BkcraZVejAe8=
github.com/rogpeppe/go-internal v1.9.0/go.mod h1:WtVeX8xhTBvf0smdhujwtBcq4Qrzq/fJaraNFVN+nFs=
github.com/samber/do v1.6.0 h1:Jy/N++BXINDB6lAx5wBlbpHlUdl0FKpLWgGEV9YWqaU=
github.com/samber/do v1.6.0/go.mod h1:DWqBvumy8dyb2vEnYZE7D7zaVEB64J45B0NjTlY/M4k=
github.com/samber/lo v1.38.1 h1:j2XEAqXKb09Am4ebOg31SpvzUTTs6EN3VfgeLUhPdXM=
github.com/samber/lo v1.38.1/go.mod h1:+m/ZKRl6ClXCE2Lgf3MsQlWfh4bn1bz6CXEOxnEXnEA=
github.com/sethjones/go-reddit/v2 v2.0.1 h1:9e5Wa/d6G0/g1c89wSHwLVrhGiPBRUmT8Tuyhv1xR7M=
github.com/sethjones/go-reddit/v2 v2.0.1/go.mod h1:A4jod7nbXcEN4zwaOnOvQasfqK6YA9PEktw/5At5xjg=
github.com/stretchr/objx v0.1.0/go.mod h1:HFkY916IF+rwdDfMAkV7OtwuqBVzrE8GR6GFx+wExME=
github.com/stretchr/testify v1.5.1/go.mod h1:5W2xD1RspED5o8YsWQXVCued0rvSQ+mT+I5cxcmMvtA=
github.com/stretchr/testify v1.7.2 h1:4jaiDzPyXQvSd7D0EjG45355tLlV3VOECpq10pLC+8s=
github.com/stretchr/testify v1.7.2/go.mod h1:R6va5+xMeoiuVRoj+gSkQ7d3FALtqAAGI1FQKckRals=
github.com/yuin/goldmark v1.4.1/go.mod h1:mwnBkeHKe2W/ZEtQ+71ViKU8L12m81fl3OWwC1Zlc8k=
golang.org/x/crypto v0.0.0-20190308221718-c2843e01d9a2/go.mod h1:djNgcEr1/C05ACkg1iLfiJU5Ep61QUkGW8qpdssI0+w=
golang.org/x/crypto v0.0.0-20191011191535-87dc89f01550/go.mod h1:yigFU9vqHzYiE8UmvKecakEJjdnWj3jj499lnFckfCI=
golang.org/x/exp v0.0.0-20230811145659-89c5cff77bcb h1:mIKbk8weKhSeLH2GmUTrvx8CjkyJmnU1wFmg59CUjFA=
golang.org/x/exp v0.0.0-20230811145659-89c5cff77bcb/go.mod h1:FXUEEKJgO7OQYeo8N01OfiKP8RXMtf6e8aTskBGqWdc=
golang.org/x/lint v0.0.0-20210508222113-6edffad5e616/go.mod h1:3xt1FjdF8hUf6vQPIChWIBhFzV8gjjsPE/fR3IyQdNY=
golang.org/x/mod v0.1.1-0.20191105210325-c90efee705ee/go.mod h1:QqPTAvyqsEbceGzBzNggFXnrqF1CaUcvgkdR5Ot7KZg=
golang.org/x/mod v0.5.1/go.mod h1:5OXOZSfqPIIbmVBIIKWRFfZjPR0E5r58TLhUjH0a2Ro=
golang.org/x/net v0.0.0-20180724234803-3673e40ba225/go.mod h1:mL1N/T3taQHkDXs73rZJwtUhF3w3ftmwwsq0BUmARs4=
golang.org/x/net v0.0.0-20190108225652-1e06a53dbb7e/go.mod h1:mL1N/T3taQHkDXs73rZJwtUhF3w3ftmwwsq0BUmARs4=
golang.org/x/net v0.0.0-20190404232315-eb5bcb51f2a3/go.mod h1:t9HGtf8HONx5eT2rtn7q6eTqICYqUVnKs3thJo3Qplg=
golang.org/x/net v0.0.0-20190620200207-3b0461eec859/go.mod h1:z5CRVTTTmAJ677TzLLGU+0bjPO0LkuOLi4/5GtJWs/s=
golang.org/x/net v0.0.0-20211015210444-4f30a5c0130f h1:OfiFi4JbukWwe3lzw+xunroH1mnC1e2Gy5cxNJApiSY=
golang.org/x/net v0.0.0-20211015210444-4f30a5c0130f/go.mod h1:9nx3DQGgdP8bBQD5qxJ1jj9UTztislL4KSBs9R2vV5Y=
golang.org/x/oauth2 v0.0.0-20200107190931-bf48bf16ab8d h1:TzXSXBo42m9gQenoE3b9BGiEpg5IG2JkU5FkPIawgtw=
golang.org/x/oauth2 v0.0.0-20200107190931-bf48bf16ab8d/go.mod h1:gOpvHmFTYa4IltrdGE7lF6nIHvwfUNPOp7c8zoXwtLw=
golang.org/x/sync v0.0.0-20181221193216-37e7f081c4d4/go.mod h1:RxMgew5VJxzue5/jJTE5uejpjVlOe/izrB70Jof72aM=
golang.org/x/sync v0.0.0-20190423024810-112230192c58/go.mod h1:RxMgew5VJxzue5/jJTE5uejpjVlOe/izrB70Jof72aM=
golang.org/x/sync v0.0.0-20210220032951-036812b2e83c/go.mod h1:RxMgew5VJxzue5/jJTE5uejpjVlOe/izrB70Jof72aM=
golang.org/x/sync v0.5.0 h1:60k92dhOjHxJkrqnwsfl8KuaHbn/5dl0lUPUklKo3qE=
golang.org/x/sync v0.5.0/go.mod h1:Czt+wKu1gCyEFDUtn0jG5QVvpJ6rzVqr5aXyt9drQfk=
golang.org/x/sys v0.0.0-20190215142949-d0b11bdaac8a/go.mod h1:STP8DvDyc/dI5b8T5hshtkjS+E42TnysNCUPdjciGhY=
golang.org/x/sys v0.0.0-20190412213103-97732733099d/go.mod h1:h1NjWce9XRLGQEsW7wpKNCjG9DtNlClVuFLEZdDNbEs=
golang.org/x/sys v0.0.0-20201119102817-f84b799fce68/go.mod h1:h1NjWce9XRLGQEsW7wpKNCjG9DtNlClVuFLEZdDNbEs=
golang.org/x/sys v0.0.0-20210423082822-04245dca01da/go.mod h1:h1NjWce9XRLGQEsW7wpKNCjG9DtNlClVuFLEZdDNbEs=
golang.org/x/sys v0.0.0-20211019181941-9d821ace8654/go.mod h1:oPkhp1MJrh7nUepCBck5+mAzfO9JrbApNNgaTdGDITg=
golang.org/x/term v0.0.0-20201126162022-7de9c90e9dd1/go.mod h1:bj7SfCRtBDWHUb9snDiAeCFNEtKQo2Wmx5Cou7ajbmo=
golang.org/x/text v0.3.0/go.mod h1:NqM8EUOU14njkJ3fqMW+pc6Ldnwhi/IjpwHt7yyuwOQ=
golang.org/x/text v0.3.6/go.mod h1:5Zoc/QRtKVWzQhOtBMvqHzDpF6irO9z98xDceosuGiQ=
golang.org/x/text v0.3.7/go.mod h1:u+2+/6zg+i71rQMx5EYifcz6MCKuco9NR6JIITiCfzQ=
golang.org/x/tools v0.0.0-20180917221912-90fa682c2a6e/go.mod h1:n7NCudcB/nEzxVGmLbDWY5pfWTLqBcC2KZ6jyYvM4mQ=
golang.org/x/tools v0.0.0-20191119224855-298f0cb1881e/go.mod h1:b+2E5dAYhXwXZwtnZ6UAqBI28+e2cm9otk0dWdXHAEo=
golang.org/x/tools v0.0.0-20200130002326-2f3ba24bd6e7/go.mod h1:TB2adYChydJhpapKDTa4BR/hXlZSLoq2Wpct/0txZ28=
golang.org/x/tools v0.1.9/go.mod h1:nABZi5QlRsZVlzPpHl034qft6wpY4eDcsTt5AaioBiU=
golang.org/x/xerrors v0.0.0-20190717185122-a985d3407aa7/go.mod h1:I/5z698sn9Ka8TeJc9MKroUUfqBBauWjQqLJ2OPfmY0=
golang.org/x/xerrors v0.0.0-20191011141410-1b5146add898/go.mod h1:I/5z698sn9Ka8TeJc9MKroUUfqBBauWjQqLJ2OPfmY0=
golang.org/x/xerrors v0.0.0-20200804184101-5ec99f83aff1/go.mod h1:I/5z698sn9Ka8TeJc9MKroUUfqBBauWjQqLJ2OPfmY0=
google.golang.org/appengine v1.4.0 h1:/wp5JvzpHIxhs/dumFmF7BXTf3Z+dd4uXta4kVyO508=
google.golang.org/appengine v1.4.0/go.mod h1:xpcJRLb0r/rnEns0DIKYYv+WjYCduHsrkT7/EB5XEv4=
gopkg.in/check.v1 v0.0.0-20161208181325-20d25e280405/go.mod h1:Co6ibVJAznAaIkqp8huTwlJQCZ016jof/cbN4VW5Yz0=
gopkg.in/yaml.v2 v2.2.2/go.mod h1:hI93XBmqTisBFMUTm0b8Fm+jr3Dg1NNxqwp+5A1VGuI=
gopkg.in/yaml.v2 v2.2.8 h1:obN1ZagJSUGI0Ek/LBmuj4SNLPfIny3KsKFopxRdj10=
gopkg.in/yaml.v2 v2.2.8/go.mod h1:hI93XBmqTisBFMUTm0b8Fm+jr3Dg1NNxqwp+5A1VGuI=
gopkg.in/yaml.v3 v3.0.1 h1:fxVm/GzAzEWqLHuvctI91KS9hhNmmWOoWu0XTYJS7CA=
gopkg.in/yaml.v3 v3.0.1/go.mod h1:K4uyk7z7BCEPqu6E+C64Yfv1cQ7kz7rIZviUmN+EgEM=
